
Microsoft Visual Studio Solution File, Format Version 12.00
# Visual Studio Version 17
VisualStudioVersion = 17.9.34728.123
MinimumVisualStudioVersion = 10.0.40219.1
Project("{FAE04EC0-301F-11D3-BF4B-00C04F79EFBC}") = "SequentialStructureExercise2", "SequentialStructureExercise2\SequentialStructureExercise2.csproj", "{77C97F6C-43EB-41D3-8932-60348F6AF7CE}"
EndProject
Global
	GlobalSection(SolutionConfigurationPlatforms) = preSolution
		Debug|Any CPU = Debug|Any CPU
		Release|Any CPU = Release|Any CPU
	EndGlobalSection
	GlobalSection(ProjectConfigurationPlatforms) = postSolution
		{77C97F6C-43EB-41D3-8932-60348F6AF7CE}.Debug|Any CPU.ActiveCfg = Debug|Any CPU
		{77C97F6C-43EB-41D3-8932-60348F6AF7CE}.Debug|Any CPU.Build.0 = Debug|Any CPU
		{77C97F6C-43EB-41D3-8932-60348F6AF7CE}.Release|Any CPU.ActiveCfg = Release|Any CPU
		{77C97F6C-43EB-41D3-8932-60348F6AF7CE}.Release|Any CPU.Build.0 = Release|Any CPU
	EndGlobalSection
	GlobalSection(SolutionProperties) = preSolution
		HideSolutionNode = FALSE
	EndGlobalSection
	GlobalSection(ExtensibilityGlobals) = postSolution
		SolutionGuid = {D9D0226F-73F3-4B5D-A143-7EF7FBD049FC}
	EndGlobalSection
EndGlobal
